// !$*UTF8*$!
{
	archiveVersion = 1;
	classes = {
	};
	objectVersion = 77;
	objects = {

/* Begin PBXBuildFile section */
		5B7C6EA32CDB6B780024704A /* DataSource.framework in Frameworks */ = {isa = PBXBuildFile; fileRef = 5B7C6E9C2CDB6B780024704A /* DataSource.framework */; };
		5B7C6EA42CDB6B780024704A /* DataSource.framework in Embed Frameworks */ = {isa = PBXBuildFile; fileRef = 5B7C6E9C2CDB6B780024704A /* DataSource.framework */; settings = {ATTRIBUTES = (CodeSignOnCopy, RemoveHeadersOnCopy, ); }; };
		5B7C6EA52CDB6B780024704A /* Domain.framework in Frameworks */ = {isa = PBXBuildFile; fileRef = 5B7C6E9D2CDB6B780024704A /* Domain.framework */; };
		5B7C6EA62CDB6B780024704A /* Domain.framework in Embed Frameworks */ = {isa = PBXBuildFile; fileRef = 5B7C6E9D2CDB6B780024704A /* Domain.framework */; settings = {ATTRIBUTES = (CodeSignOnCopy, RemoveHeadersOnCopy, ); }; };
		5B7C6EA72CDB6B780024704A /* NearbyNetwork.framework in Frameworks */ = {isa = PBXBuildFile; fileRef = 5B7C6E9E2CDB6B780024704A /* NearbyNetwork.framework */; };
		5B7C6EA82CDB6B780024704A /* NearbyNetwork.framework in Embed Frameworks */ = {isa = PBXBuildFile; fileRef = 5B7C6E9E2CDB6B780024704A /* NearbyNetwork.framework */; settings = {ATTRIBUTES = (CodeSignOnCopy, RemoveHeadersOnCopy, ); }; };
		5B7C6EA92CDB6B780024704A /* Persistence.framework in Frameworks */ = {isa = PBXBuildFile; fileRef = 5B7C6E9F2CDB6B780024704A /* Persistence.framework */; };
		5B7C6EAA2CDB6B780024704A /* Persistence.framework in Embed Frameworks */ = {isa = PBXBuildFile; fileRef = 5B7C6E9F2CDB6B780024704A /* Persistence.framework */; settings = {ATTRIBUTES = (CodeSignOnCopy, RemoveHeadersOnCopy, ); }; };
		5B7C6EAB2CDB6B780024704A /* Presentation.framework in Frameworks */ = {isa = PBXBuildFile; fileRef = 5B7C6EA02CDB6B780024704A /* Presentation.framework */; };
		5B7C6EAC2CDB6B780024704A /* Presentation.framework in Embed Frameworks */ = {isa = PBXBuildFile; fileRef = 5B7C6EA02CDB6B780024704A /* Presentation.framework */; settings = {ATTRIBUTES = (CodeSignOnCopy, RemoveHeadersOnCopy, ); }; };
/* End PBXBuildFile section */

/* Begin PBXCopyFilesBuildPhase section */
		5B7C6EAD2CDB6B780024704A /* Embed Frameworks */ = {
			isa = PBXCopyFilesBuildPhase;
			buildActionMask = 2147483647;
			dstPath = "";
			dstSubfolderSpec = 10;
			files = (
				5B7C6EA62CDB6B780024704A /* Domain.framework in Embed Frameworks */,
				5B7C6EAA2CDB6B780024704A /* Persistence.framework in Embed Frameworks */,
				5B7C6EAC2CDB6B780024704A /* Presentation.framework in Embed Frameworks */,
				5B7C6EA82CDB6B780024704A /* NearbyNetwork.framework in Embed Frameworks */,
				5B7C6EA42CDB6B780024704A /* DataSource.framework in Embed Frameworks */,
			);
			name = "Embed Frameworks";
			runOnlyForDeploymentPostprocessing = 0;
		};
/* End PBXCopyFilesBuildPhase section */

/* Begin PBXFileReference section */
		5B25A3E42CDB68E500CB7B34 /* AirplaIN.app */ = {isa = PBXFileReference; explicitFileType = wrapper.application; includeInIndex = 0; path = AirplaIN.app; sourceTree = BUILT_PRODUCTS_DIR; };
		5B7C6E9B2CDB6B780024704A /* AirplaINFoundation.framework */ = {isa = PBXFileReference; explicitFileType = wrapper.framework; path = AirplaINFoundation.framework; sourceTree = BUILT_PRODUCTS_DIR; };
		5B7C6E9C2CDB6B780024704A /* DataSource.framework */ = {isa = PBXFileReference; explicitFileType = wrapper.framework; path = DataSource.framework; sourceTree = BUILT_PRODUCTS_DIR; };
		5B7C6E9D2CDB6B780024704A /* Domain.framework */ = {isa = PBXFileReference; explicitFileType = wrapper.framework; path = Domain.framework; sourceTree = BUILT_PRODUCTS_DIR; };
		5B7C6E9E2CDB6B780024704A /* NearbyNetwork.framework */ = {isa = PBXFileReference; explicitFileType = wrapper.framework; path = NearbyNetwork.framework; sourceTree = BUILT_PRODUCTS_DIR; };
		5B7C6E9F2CDB6B780024704A /* Persistence.framework */ = {isa = PBXFileReference; explicitFileType = wrapper.framework; path = Persistence.framework; sourceTree = BUILT_PRODUCTS_DIR; };
		5B7C6EA02CDB6B780024704A /* Presentation.framework */ = {isa = PBXFileReference; explicitFileType = wrapper.framework; path = Presentation.framework; sourceTree = BUILT_PRODUCTS_DIR; };
/* End PBXFileReference section */

/* Begin PBXFileSystemSynchronizedBuildFileExceptionSet section */
		5B25A3F62CDB68E600CB7B34 /* Exceptions for "AirplaIN" folder in "AirplaIN" target */ = {
			isa = PBXFileSystemSynchronizedBuildFileExceptionSet;
			membershipExceptions = (
				Info.plist,
			);
			target = 5B25A3E32CDB68E500CB7B34 /* AirplaIN */;
		};
/* End PBXFileSystemSynchronizedBuildFileExceptionSet section */

/* Begin PBXFileSystemSynchronizedRootGroup section */
		5B25A3E62CDB68E500CB7B34 /* AirplaIN */ = {
			isa = PBXFileSystemSynchronizedRootGroup;
			exceptions = (
				5B25A3F62CDB68E600CB7B34 /* Exceptions for "AirplaIN" folder in "AirplaIN" target */,
			);
			path = AirplaIN;
			sourceTree = "<group>";
		};
/* End PBXFileSystemSynchronizedRootGroup section */

/* Begin PBXFrameworksBuildPhase section */
		5B25A3E12CDB68E500CB7B34 /* Frameworks */ = {
			isa = PBXFrameworksBuildPhase;
			buildActionMask = 2147483647;
			files = (
				5B7C6EA52CDB6B780024704A /* Domain.framework in Frameworks */,
				5B7C6EA92CDB6B780024704A /* Persistence.framework in Frameworks */,
				5B7C6EAB2CDB6B780024704A /* Presentation.framework in Frameworks */,
				5B7C6EA72CDB6B780024704A /* NearbyNetwork.framework in Frameworks */,
				5B7C6EA32CDB6B780024704A /* DataSource.framework in Frameworks */,
			);
			runOnlyForDeploymentPostprocessing = 0;
		};
/* End PBXFrameworksBuildPhase section */

/* Begin PBXGroup section */
		5B25A3DB2CDB68E500CB7B34 = {
			isa = PBXGroup;
			children = (
				5B25A3E62CDB68E500CB7B34 /* AirplaIN */,
				5B7C6E9A2CDB6B780024704A /* Frameworks */,
				5B25A3E52CDB68E500CB7B34 /* Products */,
			);
			sourceTree = "<group>";
		};
		5B25A3E52CDB68E500CB7B34 /* Products */ = {
			isa = PBXGroup;
			children = (
				5B25A3E42CDB68E500CB7B34 /* AirplaIN.app */,
			);
			name = Products;
			sourceTree = "<group>";
		};
		5B7C6E9A2CDB6B780024704A /* Frameworks */ = {
			isa = PBXGroup;
			children = (
				5B7C6E9B2CDB6B780024704A /* AirplaINFoundation.framework */,
				5B7C6E9C2CDB6B780024704A /* DataSource.framework */,
				5B7C6E9D2CDB6B780024704A /* Domain.framework */,
				5B7C6E9E2CDB6B780024704A /* NearbyNetwork.framework */,
				5B7C6E9F2CDB6B780024704A /* Persistence.framework */,
				5B7C6EA02CDB6B780024704A /* Presentation.framework */,
			);
			name = Frameworks;
			sourceTree = "<group>";
		};
/* End PBXGroup section */

/* Begin PBXNativeTarget section */
		5B25A3E32CDB68E500CB7B34 /* AirplaIN */ = {
			isa = PBXNativeTarget;
			buildConfigurationList = 5B25A3F72CDB68E600CB7B34 /* Build configuration list for PBXNativeTarget "AirplaIN" */;
			buildPhases = (
				5B25A3E02CDB68E500CB7B34 /* Sources */,
				5B25A3E12CDB68E500CB7B34 /* Frameworks */,
				5B25A3E22CDB68E500CB7B34 /* Resources */,
				5B7C6EAD2CDB6B780024704A /* Embed Frameworks */,
				00677BC62CDB792D0054EF30 /* ShellScript */,
			);
			buildRules = (
			);
			dependencies = (
			);
			fileSystemSynchronizedGroups = (
				5B25A3E62CDB68E500CB7B34 /* AirplaIN */,
			);
			name = AirplaIN;
			packageProductDependencies = (
			);
			productName = AirplaIN;
			productReference = 5B25A3E42CDB68E500CB7B34 /* AirplaIN.app */;
			productType = "com.apple.product-type.application";
		};
/* End PBXNativeTarget section */

/* Begin PBXProject section */
		5B25A3DC2CDB68E500CB7B34 /* Project object */ = {
			isa = PBXProject;
			attributes = {
				BuildIndependentTargetsInParallel = 1;
				LastSwiftUpdateCheck = 1600;
				LastUpgradeCheck = 1600;
				TargetAttributes = {
					5B25A3E32CDB68E500CB7B34 = {
						CreatedOnToolsVersion = 16.0;
					};
				};
			};
			buildConfigurationList = 5B25A3DF2CDB68E500CB7B34 /* Build configuration list for PBXProject "AirplaIN" */;
			developmentRegion = en;
			hasScannedForEncodings = 0;
			knownRegions = (
				en,
				Base,
			);
			mainGroup = 5B25A3DB2CDB68E500CB7B34;
			minimizedProjectReferenceProxies = 1;
			packageReferences = (
			);
			preferredProjectObjectVersion = 77;
			productRefGroup = 5B25A3E52CDB68E500CB7B34 /* Products */;
			projectDirPath = "";
			projectRoot = "";
			targets = (
				5B25A3E32CDB68E500CB7B34 /* AirplaIN */,
			);
		};
/* End PBXProject section */

/* Begin PBXResourcesBuildPhase section */
		5B25A3E22CDB68E500CB7B34 /* Resources */ = {
			isa = PBXResourcesBuildPhase;
			buildActionMask = 2147483647;
			files = (
			);
			runOnlyForDeploymentPostprocessing = 0;
		};
/* End PBXResourcesBuildPhase section */

/* Begin PBXShellScriptBuildPhase section */
		00677BC62CDB792D0054EF30 /* ShellScript */ = {
			isa = PBXShellScriptBuildPhase;
			buildActionMask = 2147483647;
			files = (
			);
			inputFileListPaths = (
			);
			inputPaths = (
			);
			outputFileListPaths = (
			);
			outputPaths = (
			);
			runOnlyForDeploymentPostprocessing = 0;
			shellPath = /bin/sh;
			shellScript = "\"$SRCROOT\"/../Scripts/SwiftLintRunScript.sh\n";
		};
/* End PBXShellScriptBuildPhase section */

/* Begin PBXSourcesBuildPhase section */
		5B25A3E02CDB68E500CB7B34 /* Sources */ = {
			isa = PBXSourcesBuildPhase;
			buildActionMask = 2147483647;
			files = (
			);
			runOnlyForDeploymentPostprocessing = 0;
		};
/* End PBXSourcesBuildPhase section */

/* Begin XCBuildConfiguration section */
		5B25A3F82CDB68E600CB7B34 /* Debug */ = {
			isa = XCBuildConfiguration;
			buildSettings = {
				ASSETCATALOG_COMPILER_APPICON_NAME = AppIcon;
				ASSETCATALOG_COMPILER_GLOBAL_ACCENT_COLOR_NAME = AccentColor;
				CODE_SIGN_STYLE = Automatic;
				CURRENT_PROJECT_VERSION = 1;
				DEVELOPMENT_TEAM = B3PWYBKFUK;
				ENABLE_USER_SCRIPT_SANDBOXING = NO;
				GENERATE_INFOPLIST_FILE = YES;
				INFOPLIST_FILE = AirplaIN/Info.plist;
				INFOPLIST_KEY_UIApplicationSupportsIndirectInputEvents = YES;
				INFOPLIST_KEY_UILaunchStoryboardName = LaunchScreen;
				INFOPLIST_KEY_UIMainStoryboardFile = Main;
				INFOPLIST_KEY_UISupportedInterfaceOrientations = UIInterfaceOrientationPortrait;
				INFOPLIST_KEY_UISupportedInterfaceOrientations_iPad = "UIInterfaceOrientationPortrait UIInterfaceOrientationPortraitUpsideDown";
				IPHONEOS_DEPLOYMENT_TARGET = 17.0;
				LD_RUNPATH_SEARCH_PATHS = (
					"$(inherited)",
					"@executable_path/Frameworks",
				);
				MARKETING_VERSION = 1.0;
				PRODUCT_BUNDLE_IDENTIFIER = kr.codesquad.boostcamp9.AirplaIN;
				PRODUCT_NAME = "$(TARGET_NAME)";
				SUPPORTED_PLATFORMS = "iphoneos iphonesimulator";
				SUPPORTS_MACCATALYST = NO;
				SUPPORTS_MAC_DESIGNED_FOR_IPHONE_IPAD = NO;
				SUPPORTS_XR_DESIGNED_FOR_IPHONE_IPAD = NO;
				SWIFT_EMIT_LOC_STRINGS = YES;
				SWIFT_VERSION = 5.0;
				TARGETED_DEVICE_FAMILY = "1,2";
			};
			name = Debug;
		};
		5B25A3F92CDB68E600CB7B34 /* Release */ = {
			isa = XCBuildConfiguration;
			buildSettings = {
				ASSETCATALOG_COMPILER_APPICON_NAME = AppIcon;
				ASSETCATALOG_COMPILER_GLOBAL_ACCENT_COLOR_NAME = AccentColor;
				CODE_SIGN_STYLE = Automatic;
				CURRENT_PROJECT_VERSION = 1;
				DEVELOPMENT_TEAM = B3PWYBKFUK;
				ENABLE_USER_SCRIPT_SANDBOXING = NO;
				GENERATE_INFOPLIST_FILE = YES;
				INFOPLIST_FILE = AirplaIN/Info.plist;
				INFOPLIST_KEY_UIApplicationSupportsIndirectInputEvents = YES;
				INFOPLIST_KEY_UILaunchStoryboardName = LaunchScreen;
				INFOPLIST_KEY_UIMainStoryboardFile = Main;
				INFOPLIST_KEY_UISupportedInterfaceOrientations = UIInterfaceOrientationPortrait;
				INFOPLIST_KEY_UISupportedInterfaceOrientations_iPad = "UIInterfaceOrientationPortrait UIInterfaceOrientationPortraitUpsideDown";
				IPHONEOS_DEPLOYMENT_TARGET = 17.0;
				LD_RUNPATH_SEARCH_PATHS = (
					"$(inherited)",
					"@executable_path/Frameworks",
				);
				MARKETING_VERSION = 1.0;
				PRODUCT_BUNDLE_IDENTIFIER = kr.codesquad.boostcamp9.AirplaIN;
				PRODUCT_NAME = "$(TARGET_NAME)";
				SUPPORTED_PLATFORMS = "iphoneos iphonesimulator";
				SUPPORTS_MACCATALYST = NO;
				SUPPORTS_MAC_DESIGNED_FOR_IPHONE_IPAD = NO;
				SUPPORTS_XR_DESIGNED_FOR_IPHONE_IPAD = NO;
				SWIFT_EMIT_LOC_STRINGS = YES;
				SWIFT_VERSION = 5.0;
				TARGETED_DEVICE_FAMILY = "1,2";
			};
			name = Release;
		};
		5B25A3FA2CDB68E600CB7B34 /* Debug */ = {
			isa = XCBuildConfiguration;
			buildSettings = {
				ALWAYS_SEARCH_USER_PATHS = NO;
				ASSETCATALOG_COMPILER_GENERATE_SWIFT_ASSET_SYMBOL_EXTENSIONS = YES;
				CLANG_ANALYZER_NONNULL = YES;
				CLANG_ANALYZER_NUMBER_OBJECT_CONVERSION = YES_AGGRESSIVE;
				CLANG_CXX_LANGUAGE_STANDARD = "gnu++20";
				CLANG_ENABLE_MODULES = YES;
				CLANG_ENABLE_OBJC_ARC = YES;
				CLANG_ENABLE_OBJC_WEAK = YES;
				CLANG_WARN_BLOCK_CAPTURE_AUTORELEASING = YES;
				CLANG_WARN_BOOL_CONVERSION = YES;
				CLANG_WARN_COMMA = YES;
				CLANG_WARN_CONSTANT_CONVERSION = YES;
				CLANG_WARN_DEPRECATED_OBJC_IMPLEMENTATIONS = YES;
				CLANG_WARN_DIRECT_OBJC_ISA_USAGE = YES_ERROR;
				CLANG_WARN_DOCUMENTATION_COMMENTS = YES;
				CLANG_WARN_EMPTY_BODY = YES;
				CLANG_WARN_ENUM_CONVERSION = YES;
				CLANG_WARN_INFINITE_RECURSION = YES;
				CLANG_WARN_INT_CONVERSION = YES;
				CLANG_WARN_NON_LITERAL_NULL_CONVERSION = YES;
				CLANG_WARN_OBJC_IMPLICIT_RETAIN_SELF = YES;
				CLANG_WARN_OBJC_LITERAL_CONVERSION = YES;
				CLANG_WARN_OBJC_ROOT_CLASS = YES_ERROR;
				CLANG_WARN_QUOTED_INCLUDE_IN_FRAMEWORK_HEADER = YES;
				CLANG_WARN_RANGE_LOOP_ANALYSIS = YES;
				CLANG_WARN_STRICT_PROTOTYPES = YES;
				CLANG_WARN_SUSPICIOUS_MOVE = YES;
				CLANG_WARN_UNGUARDED_AVAILABILITY = YES_AGGRESSIVE;
				CLANG_WARN_UNREACHABLE_CODE = YES;
				CLANG_WARN__DUPLICATE_METHOD_MATCH = YES;
				COPY_PHASE_STRIP = NO;
				DEBUG_INFORMATION_FORMAT = dwarf;
				ENABLE_STRICT_OBJC_MSGSEND = YES;
				ENABLE_TESTABILITY = YES;
				ENABLE_USER_SCRIPT_SANDBOXING = YES;
				GCC_C_LANGUAGE_STANDARD = gnu17;
				GCC_DYNAMIC_NO_PIC = NO;
				GCC_NO_COMMON_BLOCKS = YES;
				GCC_OPTIMIZATION_LEVEL = 0;
				GCC_PREPROCESSOR_DEFINITIONS = (
					"DEBUG=1",
					"$(inherited)",
				);
				GCC_WARN_64_TO_32_BIT_CONVERSION = YES;
				GCC_WARN_ABOUT_RETURN_TYPE = YES_ERROR;
				GCC_WARN_UNDECLARED_SELECTOR = YES;
				GCC_WARN_UNINITIALIZED_AUTOS = YES_AGGRESSIVE;
				GCC_WARN_UNUSED_FUNCTION = YES;
				GCC_WARN_UNUSED_VARIABLE = YES;
				IPHONEOS_DEPLOYMENT_TARGET = 18.0;
				LOCALIZATION_PREFERS_STRING_CATALOGS = YES;
				MTL_ENABLE_DEBUG_INFO = INCLUDE_SOURCE;
				MTL_FAST_MATH = YES;
				ONLY_ACTIVE_ARCH = YES;
				SDKROOT = iphoneos;
				SWIFT_ACTIVE_COMPILATION_CONDITIONS = "DEBUG $(inherited)";
				SWIFT_OPTIMIZATION_LEVEL = "-Onone";
			};
			name = Debug;
		};
		5B25A3FB2CDB68E600CB7B34 /* Release */ = {
			isa = XCBuildConfiguration;
			buildSettings = {
				ALWAYS_SEARCH_USER_PATHS = NO;
				ASSETCATALOG_COMPILER_GENERATE_SWIFT_ASSET_SYMBOL_EXTENSIONS = YES;
				CLANG_ANALYZER_NONNULL = YES;
				CLANG_ANALYZER_NUMBER_OBJECT_CONVERSION = YES_AGGRESSIVE;
				CLANG_CXX_LANGUAGE_STANDARD = "gnu++20";
				CLANG_ENABLE_MODULES = YES;
				CLANG_ENABLE_OBJC_ARC = YES;
				CLANG_ENABLE_OBJC_WEAK = YES;
				CLANG_WARN_BLOCK_CAPTURE_AUTORELEASING = YES;
				CLANG_WARN_BOOL_CONVERSION = YES;
				CLANG_WARN_COMMA = YES;
				CLANG_WARN_CONSTANT_CONVERSION = YES;
				CLANG_WARN_DEPRECATED_OBJC_IMPLEMENTATIONS = YES;
				CLANG_WARN_DIRECT_OBJC_ISA_USAGE = YES_ERROR;
				CLANG_WARN_DOCUMENTATION_COMMENTS = YES;
				CLANG_WARN_EMPTY_BODY = YES;
				CLANG_WARN_ENUM_CONVERSION = YES;
				CLANG_WARN_INFINITE_RECURSION = YES;
				CLANG_WARN_INT_CONVERSION = YES;
				CLANG_WARN_NON_LITERAL_NULL_CONVERSION = YES;
				CLANG_WARN_OBJC_IMPLICIT_RETAIN_SELF = YES;
				CLANG_WARN_OBJC_LITERAL_CONVERSION = YES;
				CLANG_WARN_OBJC_ROOT_CLASS = YES_ERROR;
				CLANG_WARN_QUOTED_INCLUDE_IN_FRAMEWORK_HEADER = YES;
				CLANG_WARN_RANGE_LOOP_ANALYSIS = YES;
				CLANG_WARN_STRICT_PROTOTYPES = YES;
				CLANG_WARN_SUSPICIOUS_MOVE = YES;
				CLANG_WARN_UNGUARDED_AVAILABILITY = YES_AGGRESSIVE;
				CLANG_WARN_UNREACHABLE_CODE = YES;
				CLANG_WARN__DUPLICATE_METHOD_MATCH = YES;
				COPY_PHASE_STRIP = NO;
				DEBUG_INFORMATION_FORMAT = "dwarf-with-dsym";
				ENABLE_NS_ASSERTIONS = NO;
				ENABLE_STRICT_OBJC_MSGSEND = YES;
				ENABLE_USER_SCRIPT_SANDBOXING = YES;
				GCC_C_LANGUAGE_STANDARD = gnu17;
				GCC_NO_COMMON_BLOCKS = YES;
				GCC_WARN_64_TO_32_BIT_CONVERSION = YES;
				GCC_WARN_ABOUT_RETURN_TYPE = YES_ERROR;
				GCC_WARN_UNDECLARED_SELECTOR = YES;
				GCC_WARN_UNINITIALIZED_AUTOS = YES_AGGRESSIVE;
				GCC_WARN_UNUSED_FUNCTION = YES;
				GCC_WARN_UNUSED_VARIABLE = YES;
				IPHONEOS_DEPLOYMENT_TARGET = 18.0;
				LOCALIZATION_PREFERS_STRING_CATALOGS = YES;
				MTL_ENABLE_DEBUG_INFO = NO;
				MTL_FAST_MATH = YES;
				SDKROOT = iphoneos;
				SWIFT_COMPILATION_MODE = wholemodule;
				VALIDATE_PRODUCT = YES;
			};
			name = Release;
		};
/* End XCBuildConfiguration section */

/* Begin XCConfigurationList section */
		5B25A3DF2CDB68E500CB7B34 /* Build configuration list for PBXProject "AirplaIN" */ = {
			isa = XCConfigurationList;
			buildConfigurations = (
				5B25A3FA2CDB68E600CB7B34 /* Debug */,
				5B25A3FB2CDB68E600CB7B34 /* Release */,
			);
			defaultConfigurationIsVisible = 0;
			defaultConfigurationName = Release;
		};
		5B25A3F72CDB68E600CB7B34 /* Build configuration list for PBXNativeTarget "AirplaIN" */ = {
			isa = XCConfigurationList;
			buildConfigurations = (
				5B25A3F82CDB68E600CB7B34 /* Debug */,
				5B25A3F92CDB68E600CB7B34 /* Release */,
			);
			defaultConfigurationIsVisible = 0;
			defaultConfigurationName = Release;
		};
/* End XCConfigurationList section */
	};
	rootObject = 5B25A3DC2CDB68E500CB7B34 /* Project object */;
}
